
Microsoft Visual Studio Solution File, Format Version 12.00
# Visual Studio 15
VisualStudioVersion = 15.0.28307.2017
MinimumVisualStudioVersion = 10.0.40219.1
Project("{FAE04EC0-301F-11D3-BF4B-00C04F79EFBC}") = "Inventory Flow", "WindowsFormsApp2\Inventory Flow.csproj", "{D106E3C4-76DC-4517-B00E-33BB6EA2B540}"
EndProject
Global
	GlobalSection(SolutionConfigurationPlatforms) = preSolution
		Debug|Any CPU = Debug|Any CPU
		Release|Any CPU = Release|Any CPU
	EndGlobalSection
	GlobalSection(ProjectConfigurationPlatforms) = postSolution
		{D106E3C4-76DC-4517-B00E-33BB6EA2B540}.Debug|Any CPU.ActiveCfg = Debug|Any CPU
		{D106E3C4-76DC-4517-B00E-33BB6EA2B540}.Debug|Any CPU.Build.0 = Debug|Any CPU
		{D106E3C4-76DC-4517-B00E-33BB6EA2B540}.Release|Any CPU.ActiveCfg = Release|Any CPU
		{D106E3C4-76DC-4517-B00E-33BB6EA2B540}.Release|Any CPU.Build.0 = Release|Any CPU
	EndGlobalSection
	GlobalSection(SolutionProperties) = preSolution
		HideSolutionNode = FALSE
	EndGlobalSection
	GlobalSection(ExtensibilityGlobals) = postSolution
		SolutionGuid = {90DCCECC-E72B-45CA-8241-A6B8E9E617C6}
	EndGlobalSection
EndGlobal
